
Microsoft Visual Studio Solution File, Format Version 12.00
# Visual Studio 15
VisualStudioVersion = 15.0.28307.489
MinimumVisualStudioVersion = 10.0.40219.1
Project("{8BC9CEB8-8B4A-11D0-8D11-00A0C91BC942}") = "Triangle", "Triangle\Triangle.vcxproj", "{FA90D23B-9336-4F44-A98F-8FB00759CD6C}"
EndProject
Global
	GlobalSection(SolutionConfigurationPlatforms) = preSolution
		Debug|x64 = Debug|x64
		Debug|x86 = Debug|x86
		Release|x64 = Release|x64
		Release|x86 = Release|x86
	EndGlobalSection
	GlobalSection(ProjectConfigurationPlatforms) = postSolution
		{FA90D23B-9336-4F44-A98F-8FB00759CD6C}.Debug|x64.ActiveCfg = Debug|x64
		{FA90D23B-9336-4F44-A98F-8FB00759CD6C}.Debug|x64.Build.0 = Debug|x64
		{FA90D23B-9336-4F44-A98F-8FB00759CD6C}.Debug|x86.ActiveCfg = Debug|Win32
		{FA90D23B-9336-4F44-A98F-8FB00759CD6C}.Debug|x86.Build.0 = Debug|Win32
		{FA90D23B-9336-4F44-A98F-8FB00759CD6C}.Release|x64.ActiveCfg = Release|x64
		{FA90D23B-9336-4F44-A98F-8FB00759CD6C}.Release|x64.Build.0 = Release|x64
		{FA90D23B-9336-4F44-A98F-8FB00759CD6C}.Release|x86.ActiveCfg = Release|Win32
		{FA90D23B-9336-4F44-A98F-8FB00759CD6C}.Release|x86.Build.0 = Release|Win32
	EndGlobalSection
	GlobalSection(SolutionProperties) = preSolution
		HideSolutionNode = FALSE
	EndGlobalSection
	GlobalSection(ExtensibilityGlobals) = postSolution
		SolutionGuid = {B9AA5CE4-3661-45A9-A3CD-F3D136A9093C}
	EndGlobalSection
EndGlobal
